
Microsoft Visual Studio Solution File, Format Version 12.00
# Visual Studio Version 16
VisualStudioVersion = 16.0.30523.141
MinimumVisualStudioVersion = 10.0.40219.1
Project("{FAE04EC0-301F-11D3-BF4B-00C04F79EFBC}") = "EA", "EA.csproj", "{9C611A41-FF2E-4E37-8E34-A29A0AA71E92}"
EndProject
Global
	GlobalSection(SolutionConfigurationPlatforms) = preSolution
		Debug|Any CPU = Debug|Any CPU
		Release|Any CPU = Release|Any CPU
	EndGlobalSection
	GlobalSection(ProjectConfigurationPlatforms) = postSolution
		{9C611A41-FF2E-4E37-8E34-A29A0AA71E92}.Debug|Any CPU.ActiveCfg = Debug|Any CPU
		{9C611A41-FF2E-4E37-8E34-A29A0AA71E92}.Debug|Any CPU.Build.0 = Debug|Any CPU
		{9C611A41-FF2E-4E37-8E34-A29A0AA71E92}.Release|Any CPU.ActiveCfg = Release|Any CPU
		{9C611A41-FF2E-4E37-8E34-A29A0AA71E92}.Release|Any CPU.Build.0 = Release|Any CPU
	EndGlobalSection
	GlobalSection(SolutionProperties) = preSolution
		HideSolutionNode = FALSE
	EndGlobalSection
	GlobalSection(ExtensibilityGlobals) = postSolution
		SolutionGuid = {0CBD2793-634D-410B-A657-086983EC60F9}
	EndGlobalSection
EndGlobal
